
Microsoft Visual Studio Solution File, Format Version 12.00
# Visual Studio Version 17
VisualStudioVersion = 17.8.34330.188
MinimumVisualStudioVersion = 10.0.40219.1
Project("{2150E333-8FDC-42A3-9474-1A3956D46DE8}") = "Services", "Services", "{7F3F2732-1E59-412C-9F1D-063414982C8B}"
EndProject
Project("{2150E333-8FDC-42A3-9474-1A3956D46DE8}") = "Catalog", "Catalog", "{B36074B2-E351-4B4D-A873-F82C490A0186}"
EndProject
Project("{FAE04EC0-301F-11D3-BF4B-00C04F79EFBC}") = "Catalog.API", "Catalog\Catalog.API\Catalog.API.csproj", "{B466B61D-70EB-45A9-B50B-7A25587F986A}"
EndProject
Project("{FAE04EC0-301F-11D3-BF4B-00C04F79EFBC}") = "Catalog.Core", "Catalog\Catalog.Core\Catalog.Core.csproj", "{6A037415-B45F-4F5A-98F9-0C37FE5E6514}"
EndProject
Project("{FAE04EC0-301F-11D3-BF4B-00C04F79EFBC}") = "Catalog.Application", "Catalog\Catalog.Application\Catalog.Application.csproj", "{FA9AC0C6-3445-4ACF-A3C0-82F440E3D3C8}"
EndProject
Project("{FAE04EC0-301F-11D3-BF4B-00C04F79EFBC}") = "Catalog.Infrastructure", "Catalog\Catalog.Infrastructure\Catalog.Infrastructure.csproj", "{199E5651-8DA6-4158-A791-F102C116D44F}"
EndProject
Global
	GlobalSection(SolutionConfigurationPlatforms) = preSolution
		Debug|Any CPU = Debug|Any CPU
		Release|Any CPU = Release|Any CPU
	EndGlobalSection
	GlobalSection(ProjectConfigurationPlatforms) = postSolution
		{B466B61D-70EB-45A9-B50B-7A25587F986A}.Debug|Any CPU.ActiveCfg = Debug|Any CPU
		{B466B61D-70EB-45A9-B50B-7A25587F986A}.Debug|Any CPU.Build.0 = Debug|Any CPU
		{B466B61D-70EB-45A9-B50B-7A25587F986A}.Release|Any CPU.ActiveCfg = Release|Any CPU
		{B466B61D-70EB-45A9-B50B-7A25587F986A}.Release|Any CPU.Build.0 = Release|Any CPU
		{6A037415-B45F-4F5A-98F9-0C37FE5E6514}.Debug|Any CPU.ActiveCfg = Debug|Any CPU
		{6A037415-B45F-4F5A-98F9-0C37FE5E6514}.Debug|Any CPU.Build.0 = Debug|Any CPU
		{6A037415-B45F-4F5A-98F9-0C37FE5E6514}.Release|Any CPU.ActiveCfg = Release|Any CPU
		{6A037415-B45F-4F5A-98F9-0C37FE5E6514}.Release|Any CPU.Build.0 = Release|Any CPU
		{FA9AC0C6-3445-4ACF-A3C0-82F440E3D3C8}.Debug|Any CPU.ActiveCfg = Debug|Any CPU
		{FA9AC0C6-3445-4ACF-A3C0-82F440E3D3C8}.Debug|Any CPU.Build.0 = Debug|Any CPU
		{FA9AC0C6-3445-4ACF-A3C0-82F440E3D3C8}.Release|Any CPU.ActiveCfg = Release|Any CPU
		{FA9AC0C6-3445-4ACF-A3C0-82F440E3D3C8}.Release|Any CPU.Build.0 = Release|Any CPU
		{199E5651-8DA6-4158-A791-F102C116D44F}.Debug|Any CPU.ActiveCfg = Debug|Any CPU
		{199E5651-8DA6-4158-A791-F102C116D44F}.Debug|Any CPU.Build.0 = Debug|Any CPU
		{199E5651-8DA6-4158-A791-F102C116D44F}.Release|Any CPU.ActiveCfg = Release|Any CPU
		{199E5651-8DA6-4158-A791-F102C116D44F}.Release|Any CPU.Build.0 = Release|Any CPU
	EndGlobalSection
	GlobalSection(SolutionProperties) = preSolution
		HideSolutionNode = FALSE
	EndGlobalSection
	GlobalSection(NestedProjects) = preSolution
		{B36074B2-E351-4B4D-A873-F82C490A0186} = {7F3F2732-1E59-412C-9F1D-063414982C8B}
		{B466B61D-70EB-45A9-B50B-7A25587F986A} = {B36074B2-E351-4B4D-A873-F82C490A0186}
		{6A037415-B45F-4F5A-98F9-0C37FE5E6514} = {B36074B2-E351-4B4D-A873-F82C490A0186}
		{FA9AC0C6-3445-4ACF-A3C0-82F440E3D3C8} = {B36074B2-E351-4B4D-A873-F82C490A0186}
		{199E5651-8DA6-4158-A791-F102C116D44F} = {B36074B2-E351-4B4D-A873-F82C490A0186}
	EndGlobalSection
	GlobalSection(ExtensibilityGlobals) = postSolution
		SolutionGuid = {2FB0F07A-6E60-41D6-A378-B11133AB9649}
	EndGlobalSection
EndGlobal
